{
  "name": "sort",
  "version": "1.0.0",
  "lockfileVersion": 2,
  "requires": true,
  "packages": {
    "": {
      "name": "sort",
      "version": "1.0.0",
      "license": "ISC",
      "dependencies": {
        "chance": "^1.1.9"
      }
    },
    "node_modules/chance": {
      "version": "1.1.9",
      "resolved": "https://registry.npmjs.org/chance/-/chance-1.1.9.tgz",
      "integrity": "sha512-TfxnA/DcZXRTA4OekA2zL9GH8qscbbl6X0ZqU4tXhGveVY/mXWvEQLt5GwZcYXTEyEFflVtj+pG8nc8EwSm1RQ=="
    }
  },
  "dependencies": {
    "chance": {
      "version": "1.1.9",
      "resolved": "https://registry.npmjs.org/chance/-/chance-1.1.9.tgz",
      "integrity": "sha512-TfxnA/DcZXRTA4OekA2zL9GH8qscbbl6X0ZqU4tXhGveVY/mXWvEQLt5GwZcYXTEyEFflVtj+pG8nc8EwSm1RQ=="
    }
  }
}
